
Microsoft Visual Studio Solution File, Format Version 12.00
Project("{2150E333-8FDC-42A3-9474-1A3956D46DE8}") = "SolutioniItems", "SolutioniItems", "{3281B374-44AB-40CD-AEE9-C552ED5ACC87}"
	ProjectSection(SolutionItems) = preProject
		.editorconfig = .editorconfig
		.gitattributes = .gitattributes
		.gitignore = .gitignore
		Directory.Packages.props = Directory.Packages.props
		Directory.Build.props = Directory.Build.props
		global.json = global.json
	EndProjectSection
EndProject
Project("{2150E333-8FDC-42A3-9474-1A3956D46DE8}") = "Access", "Access", "{EB406E89-D712-4256-BE31-FBDEBC15F0E2}"
EndProject
Project("{2150E333-8FDC-42A3-9474-1A3956D46DE8}") = "Manager", "Manager", "{777B0079-8793-4A9E-BAC4-A7BA4930E5F6}"
EndProject
Project("{2150E333-8FDC-42A3-9474-1A3956D46DE8}") = "Engine", "Engine", "{39D391E8-1F96-493F-A56B-8C12C5BD6AAA}"
EndProject
Project("{2150E333-8FDC-42A3-9474-1A3956D46DE8}") = "iFX", "iFX", "{838C8484-2451-4740-9253-72A28DCD5B3C}"
EndProject
Project("{2150E333-8FDC-42A3-9474-1A3956D46DE8}") = "User", "User", "{2D534703-78CC-4DA7-9800-15556663275A}"
EndProject
Project("{2150E333-8FDC-42A3-9474-1A3956D46DE8}") = "Processing", "Processing", "{6AB5D6DE-3C6B-4EC4-821A-A0A181E29B2A}"
EndProject
Project("{2150E333-8FDC-42A3-9474-1A3956D46DE8}") = "Feed", "Feed", "{591ABD4D-58CB-4DE4-BC79-875B87B28E35}"
EndProject
Project("{FAE04EC0-301F-11D3-BF4B-00C04F79EFBC}") = "Medium.Manager.Feed.Interface", "Manager\Feed\Interface\Medium.Manager.Feed.Interface.csproj", "{C9F302FB-6A88-4567-9A72-94E8614C852F}"
EndProject
Project("{FAE04EC0-301F-11D3-BF4B-00C04F79EFBC}") = "Medium.Manager.Feed.Service", "Manager\Feed\Service\Medium.Manager.Feed.Service.csproj", "{3761A379-C505-44BE-9D37-65D6580006EA}"
EndProject
Project("{FAE04EC0-301F-11D3-BF4B-00C04F79EFBC}") = "Medium.Engine.Processing.Interface", "Engine\Processing\Interface\Medium.Engine.Processing.Interface.csproj", "{BD66F79C-FA48-4920-8D8A-FE8B1AA5EFD2}"
EndProject
Project("{FAE04EC0-301F-11D3-BF4B-00C04F79EFBC}") = "Medium.Engine.Processing.Service", "Engine\Processing\Service\Medium.Engine.Processing.Service.csproj", "{06FF051C-2444-48F7-AEC7-9043AA4D3DD9}"
EndProject
Project("{FAE04EC0-301F-11D3-BF4B-00C04F79EFBC}") = "Medium.Access.User.Interface", "Access\User\Interface\Medium.Access.User.Interface.csproj", "{86423C92-FBFF-4006-9EBF-9A3A87AF2146}"
EndProject
Project("{FAE04EC0-301F-11D3-BF4B-00C04F79EFBC}") = "Medium.Access.User.Service", "Access\User\Service\Medium.Access.User.Service.csproj", "{C811F340-4350-4833-87D9-E6CFE47C48E6}"
EndProject
Project("{2150E333-8FDC-42A3-9474-1A3956D46DE8}") = "Test", "Test", "{1F875055-EAF0-40EE-A9DC-9F61441B0F26}"
EndProject
Project("{2150E333-8FDC-42A3-9474-1A3956D46DE8}") = "Unit", "Unit", "{299852A9-5253-4AF6-91AF-E87ECE927409}"
EndProject
Project("{FAE04EC0-301F-11D3-BF4B-00C04F79EFBC}") = "Medium.iFX.Utilities", "iFX\Utilities\Medium.iFX.Utilities.csproj", "{6803B6A0-2B9F-454C-9F4C-6288E617ACBE}"
EndProject
Project("{FAE04EC0-301F-11D3-BF4B-00C04F79EFBC}") = "Medium.iFX.ExportTool", "ExportTool\Medium.iFX.ExportTool.csproj", "{0CF4AD33-717C-407D-81DB-DC9B19C9DA0F}"
EndProject
Project("{2150E333-8FDC-42A3-9474-1A3956D46DE8}") = "Results", "Results", "{999C1238-8006-4913-A2C8-DFE8DB3B3CBF}"
	ProjectSection(SolutionItems) = preProject
		Results\Constraint.proto = Results\Constraint.proto
		Results\Official.proto = Results\Official.proto
		Results\Problem.proto = Results\Problem.proto
	EndProjectSection
EndProject
Global
	GlobalSection(SolutionConfigurationPlatforms) = preSolution
		Debug|Any CPU = Debug|Any CPU
		Release|Any CPU = Release|Any CPU
	EndGlobalSection
	GlobalSection(NestedProjects) = preSolution
		{2D534703-78CC-4DA7-9800-15556663275A} = {EB406E89-D712-4256-BE31-FBDEBC15F0E2}
		{6AB5D6DE-3C6B-4EC4-821A-A0A181E29B2A} = {39D391E8-1F96-493F-A56B-8C12C5BD6AAA}
		{591ABD4D-58CB-4DE4-BC79-875B87B28E35} = {777B0079-8793-4A9E-BAC4-A7BA4930E5F6}
		{C9F302FB-6A88-4567-9A72-94E8614C852F} = {591ABD4D-58CB-4DE4-BC79-875B87B28E35}
		{3761A379-C505-44BE-9D37-65D6580006EA} = {591ABD4D-58CB-4DE4-BC79-875B87B28E35}
		{BD66F79C-FA48-4920-8D8A-FE8B1AA5EFD2} = {6AB5D6DE-3C6B-4EC4-821A-A0A181E29B2A}
		{06FF051C-2444-48F7-AEC7-9043AA4D3DD9} = {6AB5D6DE-3C6B-4EC4-821A-A0A181E29B2A}
		{86423C92-FBFF-4006-9EBF-9A3A87AF2146} = {2D534703-78CC-4DA7-9800-15556663275A}
		{C811F340-4350-4833-87D9-E6CFE47C48E6} = {2D534703-78CC-4DA7-9800-15556663275A}
		{299852A9-5253-4AF6-91AF-E87ECE927409} = {1F875055-EAF0-40EE-A9DC-9F61441B0F26}
		{6803B6A0-2B9F-454C-9F4C-6288E617ACBE} = {838C8484-2451-4740-9253-72A28DCD5B3C}
		{0CF4AD33-717C-407D-81DB-DC9B19C9DA0F} = {838C8484-2451-4740-9253-72A28DCD5B3C}
	EndGlobalSection
	GlobalSection(ProjectConfigurationPlatforms) = postSolution
		{C9F302FB-6A88-4567-9A72-94E8614C852F}.Debug|Any CPU.ActiveCfg = Debug|Any CPU
		{C9F302FB-6A88-4567-9A72-94E8614C852F}.Debug|Any CPU.Build.0 = Debug|Any CPU
		{C9F302FB-6A88-4567-9A72-94E8614C852F}.Release|Any CPU.ActiveCfg = Release|Any CPU
		{C9F302FB-6A88-4567-9A72-94E8614C852F}.Release|Any CPU.Build.0 = Release|Any CPU
		{3761A379-C505-44BE-9D37-65D6580006EA}.Debug|Any CPU.ActiveCfg = Debug|Any CPU
		{3761A379-C505-44BE-9D37-65D6580006EA}.Debug|Any CPU.Build.0 = Debug|Any CPU
		{3761A379-C505-44BE-9D37-65D6580006EA}.Release|Any CPU.ActiveCfg = Release|Any CPU
		{3761A379-C505-44BE-9D37-65D6580006EA}.Release|Any CPU.Build.0 = Release|Any CPU
		{BD66F79C-FA48-4920-8D8A-FE8B1AA5EFD2}.Debug|Any CPU.ActiveCfg = Debug|Any CPU
		{BD66F79C-FA48-4920-8D8A-FE8B1AA5EFD2}.Debug|Any CPU.Build.0 = Debug|Any CPU
		{BD66F79C-FA48-4920-8D8A-FE8B1AA5EFD2}.Release|Any CPU.ActiveCfg = Release|Any CPU
		{BD66F79C-FA48-4920-8D8A-FE8B1AA5EFD2}.Release|Any CPU.Build.0 = Release|Any CPU
		{06FF051C-2444-48F7-AEC7-9043AA4D3DD9}.Debug|Any CPU.ActiveCfg = Debug|Any CPU
		{06FF051C-2444-48F7-AEC7-9043AA4D3DD9}.Debug|Any CPU.Build.0 = Debug|Any CPU
		{06FF051C-2444-48F7-AEC7-9043AA4D3DD9}.Release|Any CPU.ActiveCfg = Release|Any CPU
		{06FF051C-2444-48F7-AEC7-9043AA4D3DD9}.Release|Any CPU.Build.0 = Release|Any CPU
		{86423C92-FBFF-4006-9EBF-9A3A87AF2146}.Debug|Any CPU.ActiveCfg = Debug|Any CPU
		{86423C92-FBFF-4006-9EBF-9A3A87AF2146}.Debug|Any CPU.Build.0 = Debug|Any CPU
		{86423C92-FBFF-4006-9EBF-9A3A87AF2146}.Release|Any CPU.ActiveCfg = Release|Any CPU
		{86423C92-FBFF-4006-9EBF-9A3A87AF2146}.Release|Any CPU.Build.0 = Release|Any CPU
		{C811F340-4350-4833-87D9-E6CFE47C48E6}.Debug|Any CPU.ActiveCfg = Debug|Any CPU
		{C811F340-4350-4833-87D9-E6CFE47C48E6}.Debug|Any CPU.Build.0 = Debug|Any CPU
		{C811F340-4350-4833-87D9-E6CFE47C48E6}.Release|Any CPU.ActiveCfg = Release|Any CPU
		{C811F340-4350-4833-87D9-E6CFE47C48E6}.Release|Any CPU.Build.0 = Release|Any CPU
		{6803B6A0-2B9F-454C-9F4C-6288E617ACBE}.Debug|Any CPU.ActiveCfg = Debug|Any CPU
		{6803B6A0-2B9F-454C-9F4C-6288E617ACBE}.Debug|Any CPU.Build.0 = Debug|Any CPU
		{6803B6A0-2B9F-454C-9F4C-6288E617ACBE}.Release|Any CPU.ActiveCfg = Release|Any CPU
		{6803B6A0-2B9F-454C-9F4C-6288E617ACBE}.Release|Any CPU.Build.0 = Release|Any CPU
		{0CF4AD33-717C-407D-81DB-DC9B19C9DA0F}.Debug|Any CPU.ActiveCfg = Debug|Any CPU
		{0CF4AD33-717C-407D-81DB-DC9B19C9DA0F}.Debug|Any CPU.Build.0 = Debug|Any CPU
		{0CF4AD33-717C-407D-81DB-DC9B19C9DA0F}.Release|Any CPU.ActiveCfg = Release|Any CPU
		{0CF4AD33-717C-407D-81DB-DC9B19C9DA0F}.Release|Any CPU.Build.0 = Release|Any CPU
	EndGlobalSection
EndGlobal
